hash: 9a4abdb74b5f16022c109e270f0675f78248db84305febd6379efb4f4edbc59f
updated: 2017-03-17T13:53:10.544749685-05:00
imports:
- name: github.com/codegangsta/cli
  version: 9e5b04886c4bfee2ceba1465b8121057355c4e53
- name: github.com/dgrijalva/jwt-go
  version: 2268707a8f0843315e2004ee4f1d021dc08baedf
- name: github.com/dlclark/regexp2
  version: 3f97b6a39134e6bd88a72d1388d1632e60d83ef6
  subpackages:
  - syntax
- name: github.com/dop251/goja
  version: c99b0db935f5dfc806a759ba05de2b64b6ebe522
  subpackages:
  - ast
  - file
  - parser
  - token
- name: github.com/dop251/goja_nodejs
  version: 2fc1e6bbfc494e36dd9a0b3e735a4babc538f51f
  subpackages:
  - console
  - eventloop
  - require
  - util
- name: github.com/elazarl/go-bindata-assetfs
  version: 30f82fa23fd844bd5bb1e5f216db87fd77b5eb43
- name: github.com/fatih/structs
  version: a720dfa8df582c51dee1b36feabb906bde1588bd
- name: github.com/itsjamie/go-bindata-templates
  version: 78f87e838df0fb89dbcd26e1489f988cd7bc3bb8
- name: github.com/jteeuwen/go-bindata
  version: a0ff2567cfb70903282db057e799fd826784d41d
- name: github.com/labstack/echo
  version: cb6f0a5f807e2ef5abeaf26272ef7dda9455dc47
  subpackages:
  - middleware
- name: github.com/labstack/gommon
  version: 9cedb429ffbe71a32a3ae7c65fd109cb7ae07804
  subpackages:
  - bytes
  - color
  - log
  - random
- name: github.com/mattn/go-colorable
  version: a392f450ea64cee2b268dfaacdc2502b50a22b18
- name: github.com/mattn/go-isatty
  version: 57fdcb988a5c543893cc61bce354a6e24ab70022
- name: github.com/nu7hatch/gouuid
  version: 179d4d0c4d8d407a32af483c2354df1d2c91e6c3
- name: github.com/olebedev/config
  version: afea898d27c7d17376ecc60c7c2e73c76b40060e
- name: github.com/olebedev/gojax
  version: fe07e4673cbf22aa44c03032ef616ca5d62de4ed
  subpackages:
  - fetch
  - fetch/internal/data
- name: github.com/olebedev/on
  version: f65b7c9823a4c30797e9ad3c51d559a36ff8d542
- name: github.com/pkg/errors
  version: ff09b135c25aae272398c51a07235b90a75aa4f0
- name: github.com/urfave/cli
  version: 9e5b04886c4bfee2ceba1465b8121057355c4e53
- name: github.com/valyala/bytebufferpool
  version: e746df99fe4a3986f4d4f79e13c1e0117ce9c2f7
- name: github.com/valyala/fasttemplate
  version: dcecefd839c4193db0d35b88ec65b4c12d360ab0
- name: golang.org/x/crypto
  version: 459e26527287adbc2adcc5d0d49abff9a5f315a7
  subpackages:
  - acme
  - acme/autocert
- name: golang.org/x/net
  version: a6577fac2d73be281a500b310739095313165611
  subpackages:
  - context
  - context/ctxhttp
- name: golang.org/x/sys
  version: 99f16d856c9836c42d24e7ab64ea72916925fa97
  subpackages:
  - unix
- name: golang.org/x/text
  version: f28f36722d5ef2f9655ad3de1f248e3e52ad5ebd
  subpackages:
  - cases
  - collate
  - internal
  - internal/colltab
  - internal/tag
  - language
  - transform
  - unicode/norm
- name: gopkg.in/yaml.v2
  version: a3f3340b5840cee44f372bddb5880fcbc419b46a
testImports: []
